schema: '2.0'
stages:
  harmonize_eo_data:
    cmd: python src/data/harmonize_eo_data.py -n 12
    deps:
    - path: src/data/harmonize_eo_data.py
      hash: md5
      md5: ec00bf2319e71387ed0b314f6aa865d8
      size: 7095
    params:
      params.yaml:
        base_resolution: 0.01
        datasets.X:
          canopy_height: ETH_GlobalCanopyHeight_2020_v1_1km
          modis: modis_sur_refl_monthly_avg_1km
          soilgrids: soilgrids_v2-0_1km
          vodca: vodca_mean-p5-p95_1km
          worldclim: wc2-1_30s_bio
        eo_data.interim.dir: eo_data
        mask:
          path: data/raw/esa_worldcover_v100_1km/esa_worldcover_v100_1km.tif
          keep_classes:
          - 10
          - 20
          - 30
          - 40
          - 60
          - 70
          - 90
          - 95
          - 100
        model_res: '001'
        target_resolution: 0.01
        worldclim.bio_vars:
        - '1'
        - '4'
        - '7'
        - '12'
        - 13-14
        - '15'
    outs:
    - path: data/interim/eo_data/001
      hash: md5
      md5: 33b4751370ba70d27e0b170fa13beb54.dir
      size: 34856945252
      nfiles: 150
  extract_splot:
    cmd: python src/data/extract_splot.py
    deps:
    - path: data/raw/splot4-0
      hash: md5
      md5: 99990a51d13fe4485f72dd03590d44a6.dir
      size: 521575464
      nfiles: 3
    - path: src/data/extract_splot.py
      hash: md5
      md5: 2a89310e584294f1661965d542a50d18
      size: 3108
    params:
      params.yaml:
        datasets.Y.splot: splot4-0
        splot.interim.dir: splot
    outs:
    - path: data/interim/splot/extracted
      hash: md5
      md5: cd41e7ce8ca0b67b8dcef9f5d5e3c5ed.dir
      size: 508142149
      nfiles: 3
  match_gbif_pfts:
    cmd: python src/data/match_gbif_pfts.py
    deps:
    - path: data/raw/all_tracheophyta_non-cult_2024-04-10
      hash: md5
      md5: ada860692d425bd047bd09fd4531fdbf.dir
      size: 30005038638
      nfiles: 1584
    - path: data/raw/try_pft_v1.csv
      hash: md5
      md5: c8c8c94250a247ce30b76ce150bedf90
      size: 3964944
    - path: src/data/match_gbif_pfts.py
      hash: md5
      md5: 72e06889328d99142a3df936a895d793
      size: 2105
    params:
      params.yaml:
        datasets.Y.gbif: all_tracheophyta_non-cult_2024-04-10
        gbif.interim.dir: gbif
        gbif.interim.matched: gbif_pfts.parquet
        gbif.raw.dir: all_tracheophyta_non-cult_2024-04-10
    outs:
    - path: data/interim/gbif/gbif_pfts.parquet
      hash: md5
      md5: 78f983f8785ca9ee69666a4eb7b61c88.dir
      size: 6797540635
      nfiles: 122
  subsample_gbif:
    cmd: python src/data/subsample_gbif.py
    deps:
    - path: data/interim/gbif/gbif_pfts.parquet
      hash: md5
      md5: 78f983f8785ca9ee69666a4eb7b61c88.dir
      size: 6797540635
      nfiles: 122
    - path: src/data/subsample_gbif.py
      hash: md5
      md5: 73f61cc054c4830e6404dab9a5f08f0e
      size: 2982
    params:
      params.yaml:
        gbif.interim.dir: gbif
        gbif.interim.matched: gbif_pfts.parquet
        gbif.interim.subsample_binsize: 4
        gbif.interim.subsample_n_max: 10000
        gbif.interim.subsampled: gbif_subsampled.parquet
        random_seed: 42
    outs:
    - path: data/interim/gbif/gbif_subsampled.parquet
      hash: md5
      md5: 76716c908063b845b799581377f9ad1c.dir
      size: 905012650
      nfiles: 64
  get_TRY_mean_traits:
    cmd: python src/data/build_try_traits.py
    deps:
    - path: data/raw/TRY_5_GapFilledData_2020/TRY_5_GapFilledData_2020.zip
      hash: md5
      md5: b0b6e84693d252fb89037d45563d7e0e
      size: 452814652
    - path: src/data/build_try_traits.py
      hash: md5
      md5: 0f264e7b766291e81726a062c0858994
      size: 2089
    params:
      params.yaml:
        trydb.interim:
          dir: try
          extracted_csv: mean_gf_bt_sp.csv
          quantile_range:
          - 0.005
          - 0.995
          filtered: mean_gf_bt_sp_filt.parquet
        trydb.raw.dir: TRY_5_GapFilledData_2020
        trydb.raw.zip: TRY_5_GapFilledData_2020.zip
        trydb.raw.zipfile_csv: 
          TRY_50_2020_01/gapfilled_data/mean_gap_filled_back_transformed_incl_species_names.csv
    outs:
    - path: data/interim/try/mean_gf_bt_sp_filt.parquet
      hash: md5
      md5: 9333c1de42af6e722c8d8b4e726a76e7
      size: 13698859
  build_gbif_maps:
    cmd: python src/data/build_gbif_maps.py
    deps:
    - path: data/interim/gbif/gbif_subsampled.parquet
      hash: md5
      md5: 76716c908063b845b799581377f9ad1c.dir
      size: 905012650
      nfiles: 64
    - path: data/interim/try/mean_gf_bt_sp_filt.parquet
      hash: md5
      md5: 9333c1de42af6e722c8d8b4e726a76e7
      size: 13698859
    - path: src/data/build_gbif_maps.py
      hash: md5
      md5: e613bd8f2cab7496116d52ce60e36077
      size: 2193
    params:
      params.yaml:
        PFT: Shrub_Tree_Grass
        datasets.Y.gbif: all_tracheophyta_non-cult_2024-04-10
        gbif.interim.dir: gbif
        gbif.interim.subsampled: gbif_subsampled.parquet
        model_res: '001'
        target_resolution: 0.01
        trydb.interim.dir: try
        trydb.interim.filtered: mean_gf_bt_sp_filt.parquet
    outs:
    - path: data/interim/gbif/trait_maps/Shrub_Tree_Grass/001
      hash: md5
      md5: 499003834d29c5cebcdc7ba44081be40.dir
      size: 7609417391
      nfiles: 33
  build_splot_maps:
    cmd: python src/data/build_splot_maps.py
    deps:
    - path: data/interim/splot/extracted
      hash: md5
      md5: cd41e7ce8ca0b67b8dcef9f5d5e3c5ed.dir
      size: 508142149
      nfiles: 3
    - path: data/interim/try/mean_gf_bt_sp_filt.parquet
      hash: md5
      md5: 9333c1de42af6e722c8d8b4e726a76e7
      size: 13698859
    - path: data/raw/try_pft_v1.csv
      hash: md5
      md5: c8c8c94250a247ce30b76ce150bedf90
      size: 3964944
    - path: src/data/build_splot_maps.py
      hash: md5
      md5: 120dd2ef0cbe3620dbd004be868bf55e
      size: 4482
    params:
      params.yaml:
        PFT: Shrub_Tree_Grass
        model_res: '001'
        splot.interim:
          dir: splot
          extracted: extracted
          traits: trait_maps
        target_resolution: 0.01
    outs:
    - path: data/interim/splot/trait_maps/Shrub_Tree_Grass/001
      hash: md5
      md5: ce3392f86249ee2ddb4deac861c0f2b5.dir
      size: 1050055399
      nfiles: 33
  build_features:
    cmd: python src/features/featurize_train.py --nchunks 13
    deps:
    - path: data/interim/eo_data/001
      hash: md5
      md5: 33b4751370ba70d27e0b170fa13beb54.dir
      size: 34856945252
      nfiles: 150
    - path: data/interim/gbif/trait_maps/Shrub_Tree_Grass/001
      hash: md5
      md5: 499003834d29c5cebcdc7ba44081be40.dir
      size: 7609417391
      nfiles: 33
    - path: data/interim/splot/trait_maps/Shrub_Tree_Grass/001
      hash: md5
      md5: ce3392f86249ee2ddb4deac861c0f2b5.dir
      size: 1050055399
      nfiles: 33
    - path: src/features/featurize_train.py
      hash: md5
      md5: e5b5131dc64b4efda0afbf743f7fa1a8
      size: 3483
    params:
      params.yaml:
        PFT: Shrub_Tree_Grass
        datasets.Y.trait_stat: 1
        datasets.Y.use: splot_gbif
        eo_data.interim.dir: eo_data
        gbif.interim.dir: gbif
        gbif.interim.traits: trait_maps
        model_res: '001'
        splot.interim.dir: splot
        splot.interim.traits: trait_maps
        train.dir: data/features
        train.features: features.parquet
    outs:
    - path: data/features/Shrub_Tree_Grass/001/splot_gbif/features.parquet
      hash: md5
      md5: 9c68ccd466c7b3ca116ba1a42abd4d56
      size: 2279142616
  calculate_spatial_autocorr:
    cmd: python src/features/calc_spatial_autocorr.py
    deps:
    - path: data/features/Shrub_Tree_Grass/001/splot_gbif/features.parquet
      hash: md5
      md5: 9c68ccd466c7b3ca116ba1a42abd4d56
      size: 2279142616
    - path: src/features/calc_spatial_autocorr.py
      hash: md5
      md5: d0dcfdded4d59df1a941c0fa8dd7a83f
      size: 5945
    params:
      params.yaml:
        train.spatial_autocorr: spatial_autocorr.parquet
    outs:
    - path: data/features/Shrub_Tree_Grass/001/splot_gbif/spatial_autocorr.parquet
      hash: md5
      md5: 9d2427368cbcc6673f174513ec2a6c5a
      size: 6388
  build_cv_splits:
    cmd: python src/features/skcv_splits.py
    deps:
    - path: data/features/Shrub_Tree_Grass/001/splot_gbif/features.parquet
      hash: md5
      md5: dfc20cfba3aebbe19f24241fd520a343
      size: 2022566089
    - path: data/features/Shrub_Tree_Grass/001/splot_gbif/spatial_autocorr.parquet
      hash: md5
      md5: 1fc778ebdfb86230a708161049a8814e
      size: 6364
    - path: src/features/skcv_splits.py
      hash: md5
      md5: 27386da6be11e2cb68ac3f05fa5141d8
      size: 7249
    params:
      params.yaml:
        train.cv_splits:
          range_stat: median
          n_splits: 10
          n_sims: 100
          dir: skcv_splits
    outs:
    - path: data/features/Shrub_Tree_Grass/001/splot_gbif/skcv_splits
      hash: md5
      md5: b84c33bead2c29e7f51781904e894526.dir
      size: 6372677553
      nfiles: 33
  train_models:
    cmd: python src/models/train_models.py
    deps:
    - path: data/features/Shrub_Tree_Grass/001/splot_gbif/features.parquet
      hash: md5
      md5: dfc20cfba3aebbe19f24241fd520a343
      size: 2022566089
    - path: data/features/Shrub_Tree_Grass/001/splot_gbif/skcv_splits
      hash: md5
      md5: b84c33bead2c29e7f51781904e894526.dir
      size: 6372677553
      nfiles: 33
    - path: src/models/train_models.py
      hash: md5
      md5: f228732ff8a498aee1f4d7b7dc1555ca
      size: 779
    params:
      params.yaml:
        autogluon:
          exclude_models:
          - KNN
          - RF
          quality: high
          save_bag_folds: true
          refit_full: best
          time_limit: 10800
        train.arch: autogluon
    outs:
    - path: models/Shrub_Tree_Grass/001/splot_gbif/autogluon
      hash: md5
      md5: f820ced4b3d5eaf11acccb99c5941522.dir
      size: 315944023405
      nfiles: 2531
  build_predict:
    cmd: python src/features/featurize_predict.py
    deps:
    - path: data/interim/eo_data/001
      hash: md5
      md5: 33b4751370ba70d27e0b170fa13beb54.dir
      size: 34856945252
      nfiles: 150
    - path: src/features/featurize_predict.py
      hash: md5
      md5: 03903f95289afd8bb0f039e2e1f5635f
      size: 3255
    params:
      params.yaml:
        eo_data.interim.dir: eo_data
        eo_data.predict.dir: predict
        eo_data.predict.filename: eo_predict.parquet
        model_res: '001'
        train.dir: data/features
    outs:
    - path: data/features/predict/001/eo_predict.parquet
      hash: md5
      md5: 9ffb3cb56821e07609b9737c04c91a65
      size: 30070290733
